PODS:
  - ImageViewer.swift (3.0):
    - SDWebImage
    - SwiftyGif
  - SDWebImage (5.3.3):
    - SDWebImage/Core (= 5.3.3)
  - SDWebImage/Core (5.3.3)
  - SwiftyGif (5.2.0)

DEPENDENCIES:
  - ImageViewer.swift (from `./../`)

SPEC REPOS:
  trunk:
    - SDWebImage
    - SwiftyGif

EXTERNAL SOURCES:
  ImageViewer.swift:
    :path: "./../"

SPEC CHECKSUMS:
  ImageViewer.swift: a669b8c3599a4ec5bafb087e160b7de580eb7e83
  SDWebImage: 51ab1ce3ebd20dec6665ae8ba25c928da323db41
  SwiftyGif: b85c6b33a9411859d9e1db998b6a8214aea942df

PODFILE CHECKSUM: b60f5d3b20de2448c2eed9c9bcb7c4f57421719b

COCOAPODS: 1.8.4
